
Microsoft Visual Studio Solution File, Format Version 12.00
# Visual Studio Version 17
VisualStudioVersion = 17.4.33205.214
MinimumVisualStudioVersion = 10.0.40219.1
Project("{FAE04EC0-301F-11D3-BF4B-00C04F79EFBC}") = "RiotHotfix", "RiotHotfix\RiotHotfix.csproj", "{872FDE28-ABF2-4921-A48B-38EFB9CC53B2}"
EndProject
Global
	GlobalSection(SolutionConfigurationPlatforms) = preSolution
		Debug|Any CPU = Debug|Any CPU
		Release|Any CPU = Release|Any CPU
	EndGlobalSection
	GlobalSection(ProjectConfigurationPlatforms) = postSolution
		{872FDE28-ABF2-4921-A48B-38EFB9CC53B2}.Debug|Any CPU.ActiveCfg = Debug|Any CPU
		{872FDE28-ABF2-4921-A48B-38EFB9CC53B2}.Debug|Any CPU.Build.0 = Debug|Any CPU
		{872FDE28-ABF2-4921-A48B-38EFB9CC53B2}.Release|Any CPU.ActiveCfg = Release|Any CPU
		{872FDE28-ABF2-4921-A48B-38EFB9CC53B2}.Release|Any CPU.Build.0 = Release|Any CPU
	EndGlobalSection
	GlobalSection(SolutionProperties) = preSolution
		HideSolutionNode = FALSE
	EndGlobalSection
	GlobalSection(ExtensibilityGlobals) = postSolution
		SolutionGuid = {C60541B0-9A6F-4B50-80C9-6C7473F7F81A}
	EndGlobalSection
EndGlobal
